
Microsoft Visual Studio Solution File, Format Version 12.00
# Visual Studio 15
Project("{FAE04EC0-301F-11D3-BF4B-00C04F79EFBC}") = "Swarm.Core", "src\Swarm.Core\Swarm.Core.csproj", "{B1115A04-A83F-4B42-9858-F4F3666B89FE}"
EndProject
Project("{FAE04EC0-301F-11D3-BF4B-00C04F79EFBC}") = "Swarm.Client", "src\Swarm.Client\Swarm.Client.csproj", "{41BDDFCB-74CB-4EC7-A472-76ABA543290F}"
EndProject
Project("{FAE04EC0-301F-11D3-BF4B-00C04F79EFBC}") = "Swarm.Basic", "src\Swarm.Basic\Swarm.Basic.csproj", "{3D3DF12D-13AC-4337-8485-C150B27C756D}"
EndProject
Project("{2150E333-8FDC-42A3-9474-1A3956D46DE8}") = "Solution Items", "Solution Items", "{4C365059-D491-4259-9260-6DC5DA9DEBA6}"
	ProjectSection(SolutionItems) = preProject
		README.md = README.md
		.gitignore = .gitignore
		publishSwarmServer.sh = publishSwarmServer.sh
		DESIGN.md = DESIGN.md
	EndProjectSection
EndProject
Project("{FAE04EC0-301F-11D3-BF4B-00C04F79EFBC}") = "Swarm.Sample", "src\Swarm.Sample\Swarm.Sample.csproj", "{1AB17389-2BB2-4285-83B5-D29DA4F5843E}"
EndProject
Project("{FAE04EC0-301F-11D3-BF4B-00C04F79EFBC}") = "Swarm.ConsoleClient", "src\Swarm.ConsoleClient\Swarm.ConsoleClient.csproj", "{DD9CD1AD-F3AD-428F-80C4-DF4A9A65C24E}"
EndProject
Project("{FAE04EC0-301F-11D3-BF4B-00C04F79EFBC}") = "Swarm.Node", "src\Swarm.Node\Swarm.Node.csproj", "{477F53B1-8EED-4405-961F-9DBC1FE4671E}"
EndProject
Global
	GlobalSection(SolutionConfigurationPlatforms) = preSolution
		Debug|Any CPU = Debug|Any CPU
		Release|Any CPU = Release|Any CPU
	EndGlobalSection
	GlobalSection(ProjectConfigurationPlatforms) = postSolution
		{B1115A04-A83F-4B42-9858-F4F3666B89FE}.Debug|Any CPU.ActiveCfg = Debug|Any CPU
		{B1115A04-A83F-4B42-9858-F4F3666B89FE}.Debug|Any CPU.Build.0 = Debug|Any CPU
		{B1115A04-A83F-4B42-9858-F4F3666B89FE}.Release|Any CPU.ActiveCfg = Release|Any CPU
		{B1115A04-A83F-4B42-9858-F4F3666B89FE}.Release|Any CPU.Build.0 = Release|Any CPU
		{41BDDFCB-74CB-4EC7-A472-76ABA543290F}.Debug|Any CPU.ActiveCfg = Debug|Any CPU
		{41BDDFCB-74CB-4EC7-A472-76ABA543290F}.Debug|Any CPU.Build.0 = Debug|Any CPU
		{41BDDFCB-74CB-4EC7-A472-76ABA543290F}.Release|Any CPU.ActiveCfg = Release|Any CPU
		{41BDDFCB-74CB-4EC7-A472-76ABA543290F}.Release|Any CPU.Build.0 = Release|Any CPU
		{3D3DF12D-13AC-4337-8485-C150B27C756D}.Debug|Any CPU.ActiveCfg = Debug|Any CPU
		{3D3DF12D-13AC-4337-8485-C150B27C756D}.Debug|Any CPU.Build.0 = Debug|Any CPU
		{3D3DF12D-13AC-4337-8485-C150B27C756D}.Release|Any CPU.ActiveCfg = Release|Any CPU
		{3D3DF12D-13AC-4337-8485-C150B27C756D}.Release|Any CPU.Build.0 = Release|Any CPU
		{1AB17389-2BB2-4285-83B5-D29DA4F5843E}.Debug|Any CPU.ActiveCfg = Debug|Any CPU
		{1AB17389-2BB2-4285-83B5-D29DA4F5843E}.Debug|Any CPU.Build.0 = Debug|Any CPU
		{1AB17389-2BB2-4285-83B5-D29DA4F5843E}.Release|Any CPU.ActiveCfg = Release|Any CPU
		{1AB17389-2BB2-4285-83B5-D29DA4F5843E}.Release|Any CPU.Build.0 = Release|Any CPU
		{DD9CD1AD-F3AD-428F-80C4-DF4A9A65C24E}.Debug|Any CPU.ActiveCfg = Debug|Any CPU
		{DD9CD1AD-F3AD-428F-80C4-DF4A9A65C24E}.Debug|Any CPU.Build.0 = Debug|Any CPU
		{DD9CD1AD-F3AD-428F-80C4-DF4A9A65C24E}.Release|Any CPU.ActiveCfg = Release|Any CPU
		{DD9CD1AD-F3AD-428F-80C4-DF4A9A65C24E}.Release|Any CPU.Build.0 = Release|Any CPU
		{477F53B1-8EED-4405-961F-9DBC1FE4671E}.Debug|Any CPU.ActiveCfg = Debug|Any CPU
		{477F53B1-8EED-4405-961F-9DBC1FE4671E}.Debug|Any CPU.Build.0 = Debug|Any CPU
		{477F53B1-8EED-4405-961F-9DBC1FE4671E}.Release|Any CPU.ActiveCfg = Release|Any CPU
		{477F53B1-8EED-4405-961F-9DBC1FE4671E}.Release|Any CPU.Build.0 = Release|Any CPU
	EndGlobalSection
EndGlobal
